// !$*UTF8*$!
{
	archiveVersion = 1;
	classes = {
	};
	objectVersion = 46;
	objects = {

/* Begin PBXBuildFile section */
		148A0AC21957728B00B7BD6E /* Foundation.framework in Frameworks */ = {isa = PBXBuildFile; fileRef = 148A0AC11957728B00B7BD6E /* Foundation.framework */; };
		148A0AC41957728B00B7BD6E /* CoreGraphics.framework in Frameworks */ = {isa = PBXBuildFile; fileRef = 148A0AC31957728B00B7BD6E /* CoreGraphics.framework */; };
		148A0AC61957728B00B7BD6E /* UIKit.framework in Frameworks */ = {isa = PBXBuildFile; fileRef = 148A0AC51957728B00B7BD6E /* UIKit.framework */; };
		148A0ACC1957728B00B7BD6E /* InfoPlist.strings in Resources */ = {isa = PBXBuildFile; fileRef = 148A0ACA1957728B00B7BD6E /* InfoPlist.strings */; };
		148A0ACE1957728B00B7BD6E /* main.m in Sources */ = {isa = PBXBuildFile; fileRef = 148A0ACD1957728B00B7BD6E /* main.m */; };
		148A0AD21957728B00B7BD6E /* AppDelegate.m in Sources */ = {isa = PBXBuildFile; fileRef = 148A0AD11957728B00B7BD6E /* AppDelegate.m */; };
		148A0ADB1957728B00B7BD6E /* XCTest.framework in Frameworks */ = {isa = PBXBuildFile; fileRef = 148A0ADA1957728B00B7BD6E /* XCTest.framework */; };
		148A0ADC1957728B00B7BD6E /* Foundation.framework in Frameworks */ = {isa = PBXBuildFile; fileRef = 148A0AC11957728B00B7BD6E /* Foundation.framework */; };
		148A0ADD1957728B00B7BD6E /* UIKit.framework in Frameworks */ = {isa = PBXBuildFile; fileRef = 148A0AC51957728B00B7BD6E /* UIKit.framework */; };
		148A0AE51957728C00B7BD6E /* InfoPlist.strings in Resources */ = {isa = PBXBuildFile; fileRef = 148A0AE31957728C00B7BD6E /* InfoPlist.strings */; };
		148A0AE71957728C00B7BD6E /* fb_login_week_2Tests.m in Sources */ = {isa = PBXBuildFile; fileRef = 148A0AE61957728C00B7BD6E /* fb_login_week_2Tests.m */; };
		148A0AF3195773C000B7BD6E /* ViewController.m in Sources */ = {isa = PBXBuildFile; fileRef = 148A0AF1195773C000B7BD6E /* ViewController.m */; };
		148A0AF4195773C000B7BD6E /* ViewController.xib in Resources */ = {isa = PBXBuildFile; fileRef = 148A0AF2195773C000B7BD6E /* ViewController.xib */; };
		148A0AF619578A7700B7BD6E /* Images.xcassets in Resources */ = {isa = PBXBuildFile; fileRef = 148A0AF519578A7700B7BD6E /* Images.xcassets */; };
		148A0AFA1957955900B7BD6E /* FeedViewController.m in Sources */ = {isa = PBXBuildFile; fileRef = 148A0AF81957955900B7BD6E /* FeedViewController.m */; };
		148A0AFB1957955900B7BD6E /* FeedViewController.xib in Resources */ = {isa = PBXBuildFile; fileRef = 148A0AF91957955900B7BD6E /* FeedViewController.xib */; };
/* End PBXBuildFile section */

/* Begin PBXContainerItemProxy section */
		148A0ADE1957728B00B7BD6E /* PBXContainerItemProxy */ = {
			isa = PBXContainerItemProxy;
			containerPortal = 148A0AB61957728B00B7BD6E /* Project object */;
			proxyType = 1;
			remoteGlobalIDString = 148A0ABD1957728B00B7BD6E;
			remoteInfo = fb_login_week_2;
		};
/* End PBXContainerItemProxy section */

/* Begin PBXFileReference section */
		148A0ABE1957728B00B7BD6E /* fb_login_week_2.app */ = {isa = PBXFileReference; explicitFileType = wrapper.application; includeInIndex = 0; path = fb_login_week_2.app; sourceTree = BUILT_PRODUCTS_DIR; };
		148A0AC11957728B00B7BD6E /* Foundation.framework */ = {isa = PBXFileReference; lastKnownFileType = wrapper.framework; name = Foundation.framework; path = System/Library/Frameworks/Foundation.framework; sourceTree = SDKROOT; };
		148A0AC31957728B00B7BD6E /* CoreGraphics.framework */ = {isa = PBXFileReference; lastKnownFileType = wrapper.framework; name = CoreGraphics.framework; path = System/Library/Frameworks/CoreGraphics.framework; sourceTree = SDKROOT; };
		148A0AC51957728B00B7BD6E /* UIKit.framework */ = {isa = PBXFileReference; lastKnownFileType = wrapper.framework; name = UIKit.framework; path = System/Library/Frameworks/UIKit.framework; sourceTree = SDKROOT; };
		148A0AC91957728B00B7BD6E /* fb_login_week_2-Info.plist */ = {isa = PBXFileReference; lastKnownFileType = text.plist.xml; path = "fb_login_week_2-Info.plist"; sourceTree = "<group>"; };
		148A0ACB1957728B00B7BD6E /* en */ = {isa = PBXFileReference; lastKnownFileType = text.plist.strings; name = en; path = en.lproj/InfoPlist.strings; sourceTree = "<group>"; };
		148A0ACD1957728B00B7BD6E /* main.m */ = {isa = PBXFileReference; lastKnownFileType = sourcecode.c.objc; path = main.m; sourceTree = "<group>"; };
		148A0ACF1957728B00B7BD6E /* fb_login_week_2-Prefix.pch */ = {isa = PBXFileReference; lastKnownFileType = sourcecode.c.h; path = "fb_login_week_2-Prefix.pch"; sourceTree = "<group>"; };
		148A0AD01957728B00B7BD6E /* AppDelegate.h */ = {isa = PBXFileReference; lastKnownFileType = sourcecode.c.h; path = AppDelegate.h; sourceTree = "<group>"; };
		148A0AD11957728B00B7BD6E /* AppDelegate.m */ = {isa = PBXFileReference; lastKnownFileType = sourcecode.c.objc; path = AppDelegate.m; sourceTree = "<group>"; };
		148A0AD91957728B00B7BD6E /* fb_login_week_2Tests.xctest */ = {isa = PBXFileReference; explicitFileType = wrapper.cfbundle; includeInIndex = 0; path = fb_login_week_2Tests.xctest; sourceTree = BUILT_PRODUCTS_DIR; };
		148A0ADA1957728B00B7BD6E /* XCTest.framework */ = {isa = PBXFileReference; lastKnownFileType = wrapper.framework; name = XCTest.framework; path = Library/Frameworks/XCTest.framework; sourceTree = DEVELOPER_DIR; };
		148A0AE21957728C00B7BD6E /* fb_login_week_2Tests-Info.plist */ = {isa = PBXFileReference; lastKnownFileType = text.plist.xml; path = "fb_login_week_2Tests-Info.plist"; sourceTree = "<group>"; };
		148A0AE41957728C00B7BD6E /* en */ = {isa = PBXFileReference; lastKnownFileType = text.plist.strings; name = en; path = en.lproj/InfoPlist.strings; sourceTree = "<group>"; };
		148A0AE61957728C00B7BD6E /* fb_login_week_2Tests.m */ = {isa = PBXFileReference; lastKnownFileType = sourcecode.c.objc; path = fb_login_week_2Tests.m; sourceTree = "<group>"; };
		148A0AF0195773C000B7BD6E /* ViewController.h */ = {isa = PBXFileReference; fileEncoding = 4; lastKnownFileType = sourcecode.c.h; path = ViewController.h; sourceTree = "<group>"; };
		148A0AF1195773C000B7BD6E /* ViewController.m */ = {isa = PBXFileReference; fileEncoding = 4; lastKnownFileType = sourcecode.c.objc; path = ViewController.m; sourceTree = "<group>"; };
		148A0AF2195773C000B7BD6E /* ViewController.xib */ = {isa = PBXFileReference; fileEncoding = 4; lastKnownFileType = file.xib; path = ViewController.xib; sourceTree = "<group>"; };
		148A0AF519578A7700B7BD6E /* Images.xcassets */ = {isa = PBXFileReference; lastKnownFileType = folder.assetcatalog; path = Images.xcassets; sourceTree = "<group>"; };
		148A0AF71957955900B7BD6E /* FeedViewController.h */ = {isa = PBXFileReference; fileEncoding = 4; lastKnownFileType = sourcecode.c.h; path = FeedViewController.h; sourceTree = "<group>"; };
		148A0AF81957955900B7BD6E /* FeedViewController.m */ = {isa = PBXFileReference; fileEncoding = 4; lastKnownFileType = sourcecode.c.objc; path = FeedViewController.m; sourceTree = "<group>"; };
		148A0AF91957955900B7BD6E /* FeedViewController.xib */ = {isa = PBXFileReference; fileEncoding = 4; lastKnownFileType = file.xib; path = FeedViewController.xib; sourceTree = "<group>"; };
/* End PBXFileReference section */

/* Begin PBXFrameworksBuildPhase section */
		148A0ABB1957728B00B7BD6E /* Frameworks */ = {
			isa = PBXFrameworksBuildPhase;
			buildActionMask = 2147483647;
			files = (
				148A0AC41957728B00B7BD6E /* CoreGraphics.framework in Frameworks */,
				148A0AC61957728B00B7BD6E /* UIKit.framework in Frameworks */,
				148A0AC21957728B00B7BD6E /* Foundation.framework in Frameworks */,
			);
			runOnlyForDeploymentPostprocessing = 0;
		};
		148A0AD61957728B00B7BD6E /* Frameworks */ = {
			isa = PBXFrameworksBuildPhase;
			buildActionMask = 2147483647;
			files = (
				148A0ADB1957728B00B7BD6E /* XCTest.framework in Frameworks */,
				148A0ADD1957728B00B7BD6E /* UIKit.framework in Frameworks */,
				148A0ADC1957728B00B7BD6E /* Foundation.framework in Frameworks */,
			);
			runOnlyForDeploymentPostprocessing = 0;
		};
/* End PBXFrameworksBuildPhase section */

/* Begin PBXGroup section */
		148A0AB51957728B00B7BD6E = {
			isa = PBXGroup;
			children = (
				148A0AF0195773C000B7BD6E /* ViewController.h */,
				148A0AF1195773C000B7BD6E /* ViewController.m */,
				148A0AF2195773C000B7BD6E /* ViewController.xib */,
				148A0AF71957955900B7BD6E /* FeedViewController.h */,
				148A0AF81957955900B7BD6E /* FeedViewController.m */,
				148A0AF91957955900B7BD6E /* FeedViewController.xib */,
				148A0AC71957728B00B7BD6E /* fb_login_week_2 */,
				148A0AE01957728B00B7BD6E /* fb_login_week_2Tests */,
				148A0AC01957728B00B7BD6E /* Frameworks */,
				148A0ABF1957728B00B7BD6E /* Products */,
			);
			sourceTree = "<group>";
		};
		148A0ABF1957728B00B7BD6E /* Products */ = {
			isa = PBXGroup;
			children = (
				148A0ABE1957728B00B7BD6E /* fb_login_week_2.app */,
				148A0AD91957728B00B7BD6E /* fb_login_week_2Tests.xctest */,
			);
			name = Products;
			sourceTree = "<group>";
		};
		148A0AC01957728B00B7BD6E /* Frameworks */ = {
			isa = PBXGroup;
			children = (
				148A0AC11957728B00B7BD6E /* Foundation.framework */,
				148A0AC31957728B00B7BD6E /* CoreGraphics.framework */,
				148A0AC51957728B00B7BD6E /* UIKit.framework */,
				148A0ADA1957728B00B7BD6E /* XCTest.framework */,
			);
			name = Frameworks;
			sourceTree = "<group>";
		};
		148A0AC71957728B00B7BD6E /* fb_login_week_2 */ = {
			isa = PBXGroup;
			children = (
				148A0AF519578A7700B7BD6E /* Images.xcassets */,
				148A0AD01957728B00B7BD6E /* AppDelegate.h */,
				148A0AD11957728B00B7BD6E /* AppDelegate.m */,
				148A0AC81957728B00B7BD6E /* Supporting Files */,
			);
			path = fb_login_week_2;
			sourceTree = "<group>";
		};
		148A0AC81957728B00B7BD6E /* Supporting Files */ = {
			isa = PBXGroup;
			children = (
				148A0AC91957728B00B7BD6E /* fb_login_week_2-Info.plist */,
				148A0ACA1957728B00B7BD6E /* InfoPlist.strings */,
				148A0ACD1957728B00B7BD6E /* main.m */,
				148A0ACF1957728B00B7BD6E /* fb_login_week_2-Prefix.pch */,
			);
			name = "Supporting Files";
			sourceTree = "<group>";
		};
		148A0AE01957728B00B7BD6E /* fb_login_week_2Tests */ = {
			isa = PBXGroup;
			children = (
				148A0AE61957728C00B7BD6E /* fb_login_week_2Tests.m */,
				148A0AE11957728B00B7BD6E /* Supporting Files */,
			);
			path = fb_login_week_2Tests;
			sourceTree = "<group>";
		};
		148A0AE11957728B00B7BD6E /* Supporting Files */ = {
			isa = PBXGroup;
			children = (
				148A0AE21957728C00B7BD6E /* fb_login_week_2Tests-Info.plist */,
				148A0AE31957728C00B7BD6E /* InfoPlist.strings */,
			);
			name = "Supporting Files";
			sourceTree = "<group>";
		};
/* End PBXGroup section */

/* Begin PBXNativeTarget section */
		148A0ABD1957728B00B7BD6E /* fb_login_week_2 */ = {
			isa = PBXNativeTarget;
			buildConfigurationList = 148A0AEA1957728C00B7BD6E /* Build configuration list for PBXNativeTarget "fb_login_week_2" */;
			buildPhases = (
				148A0ABA1957728B00B7BD6E /* Sources */,
				148A0ABB1957728B00B7BD6E /* Frameworks */,
				148A0ABC1957728B00B7BD6E /* Resources */,
			);
			buildRules = (
			);
			dependencies = (
			);
			name = fb_login_week_2;
			productName = fb_login_week_2;
			productReference = 148A0ABE1957728B00B7BD6E /* fb_login_week_2.app */;
			productType = "com.apple.product-type.application";
		};
		148A0AD81957728B00B7BD6E /* fb_login_week_2Tests */ = {
			isa = PBXNativeTarget;
			buildConfigurationList = 148A0AED1957728C00B7BD6E /* Build configuration list for PBXNativeTarget "fb_login_week_2Tests" */;
			buildPhases = (
				148A0AD51957728B00B7BD6E /* Sources */,
				148A0AD61957728B00B7BD6E /* Frameworks */,
				148A0AD71957728B00B7BD6E /* Resources */,
			);
			buildRules = (
			);
			dependencies = (
				148A0ADF1957728B00B7BD6E /* PBXTargetDependency */,
			);
			name = fb_login_week_2Tests;
			productName = fb_login_week_2Tests;
			productReference = 148A0AD91957728B00B7BD6E /* fb_login_week_2Tests.xctest */;
			productType = "com.apple.product-type.bundle.unit-test";
		};
/* End PBXNativeTarget section */

/* Begin PBXProject section */
		148A0AB61957728B00B7BD6E /* Project object */ = {
			isa = PBXProject;
			attributes = {
				LastUpgradeCheck = 0510;
				ORGANIZATIONNAME = Google;
				TargetAttributes = {
					148A0AD81957728B00B7BD6E = {
						TestTargetID = 148A0ABD1957728B00B7BD6E;
					};
				};
			};
			buildConfigurationList = 148A0AB91957728B00B7BD6E /* Build configuration list for PBXProject "fb_login_week_2" */;
			compatibilityVersion = "Xcode 3.2";
			developmentRegion = English;
			hasScannedForEncodings = 0;
			knownRegions = (
				en,
			);
			mainGroup = 148A0AB51957728B00B7BD6E;
			productRefGroup = 148A0ABF1957728B00B7BD6E /* Products */;
			projectDirPath = "";
			projectRoot = "";
			targets = (
				148A0ABD1957728B00B7BD6E /* fb_login_week_2 */,
				148A0AD81957728B00B7BD6E /* fb_login_week_2Tests */,
			);
		};
/* End PBXProject section */

/* Begin PBXResourcesBuildPhase section */
		148A0ABC1957728B00B7BD6E /* Resources */ = {
			isa = PBXResourcesBuildPhase;
			buildActionMask = 2147483647;
			files = (
				148A0AF619578A7700B7BD6E /* Images.xcassets in Resources */,
				148A0ACC1957728B00B7BD6E /* InfoPlist.strings in Resources */,
				148A0AFB1957955900B7BD6E /* FeedViewController.xib in Resources */,
				148A0AF4195773C000B7BD6E /* ViewController.xib in Resources */,
			);
			runOnlyForDeploymentPostprocessing = 0;
		};
		148A0AD71957728B00B7BD6E /* Resources */ = {
			isa = PBXResourcesBuildPhase;
			buildActionMask = 2147483647;
			files = (
				148A0AE51957728C00B7BD6E /* InfoPlist.strings in Resources */,
			);
			runOnlyForDeploymentPostprocessing = 0;
		};
/* End PBXResourcesBuildPhase section */

/* Begin PBXSourcesBuildPhase section */
		148A0ABA1957728B00B7BD6E /* Sources */ = {
			isa = PBXSourcesBuildPhase;
			buildActionMask = 2147483647;
			files = (
				148A0AF3195773C000B7BD6E /* ViewController.m in Sources */,
				148A0AD21957728B00B7BD6E /* AppDelegate.m in Sources */,
				148A0AFA1957955900B7BD6E /* FeedViewController.m in Sources */,
				148A0ACE1957728B00B7BD6E /* main.m in Sources */,
			);
			runOnlyForDeploymentPostprocessing = 0;
		};
		148A0AD51957728B00B7BD6E /* Sources */ = {
			isa = PBXSourcesBuildPhase;
			buildActionMask = 2147483647;
			files = (
				148A0AE71957728C00B7BD6E /* fb_login_week_2Tests.m in Sources */,
			);
			runOnlyForDeploymentPostprocessing = 0;
		};
/* End PBXSourcesBuildPhase section */

/* Begin PBXTargetDependency section */
		148A0ADF1957728B00B7BD6E /* PBXTargetDependency */ = {
			isa = PBXTargetDependency;
			target = 148A0ABD1957728B00B7BD6E /* fb_login_week_2 */;
			targetProxy = 148A0ADE1957728B00B7BD6E /* PBXContainerItemProxy */;
		};
/* End PBXTargetDependency section */

/* Begin PBXVariantGroup section */
		148A0ACA1957728B00B7BD6E /* InfoPlist.strings */ = {
			isa = PBXVariantGroup;
			children = (
				148A0ACB1957728B00B7BD6E /* en */,
			);
			name = InfoPlist.strings;
			sourceTree = "<group>";
		};
		148A0AE31957728C00B7BD6E /* InfoPlist.strings */ = {
			isa = PBXVariantGroup;
			children = (
				148A0AE41957728C00B7BD6E /* en */,
			);
			name = InfoPlist.strings;
			sourceTree = "<group>";
		};
/* End PBXVariantGroup section */

/* Begin XCBuildConfiguration section */
		148A0AE81957728C00B7BD6E /* Debug */ = {
			isa = XCBuildConfiguration;
			buildSettings = {
				ALWAYS_SEARCH_USER_PATHS = NO;
				CLANG_CXX_LANGUAGE_STANDARD = "gnu++0x";
				CLANG_CXX_LIBRARY = "libc++";
				CLANG_ENABLE_MODULES = YES;
				CLANG_ENABLE_OBJC_ARC = YES;
				CLANG_WARN_BOOL_CONVERSION = YES;
				CLANG_WARN_CONSTANT_CONVERSION = YES;
				CLANG_WARN_DIRECT_OBJC_ISA_USAGE = YES_ERROR;
				CLANG_WARN_EMPTY_BODY = YES;
				CLANG_WARN_ENUM_CONVERSION = YES;
				CLANG_WARN_INT_CONVERSION = YES;
				CLANG_WARN_OBJC_ROOT_CLASS = YES_ERROR;
				CLANG_WARN__DUPLICATE_METHOD_MATCH = YES;
				"CODE_SIGN_IDENTITY[sdk=iphoneos*]" = "iPhone Developer";
				COPY_PHASE_STRIP = NO;
				GCC_C_LANGUAGE_STANDARD = gnu99;
				GCC_DYNAMIC_NO_PIC = NO;
				GCC_OPTIMIZATION_LEVEL = 0;
				GCC_PREPROCESSOR_DEFINITIONS = (
					"DEBUG=1",
					"$(inherited)",
				);
				GCC_SYMBOLS_PRIVATE_EXTERN = NO;
				GCC_WARN_64_TO_32_BIT_CONVERSION = YES;
				GCC_WARN_ABOUT_RETURN_TYPE = YES_ERROR;
				GCC_WARN_UNDECLARED_SELECTOR = YES;
				GCC_WARN_UNINITIALIZED_AUTOS = YES_AGGRESSIVE;
				GCC_WARN_UNUSED_FUNCTION = YES;
				GCC_WARN_UNUSED_VARIABLE = YES;
				IPHONEOS_DEPLOYMENT_TARGET = 7.1;
				ONLY_ACTIVE_ARCH = YES;
				SDKROOT = iphoneos;
				TARGETED_DEVICE_FAMILY = "1,2";
			};
			name = Debug;
		};
		148A0AE91957728C00B7BD6E /* Release */ = {
			isa = XCBuildConfiguration;
			buildSettings = {
				ALWAYS_SEARCH_USER_PATHS = NO;
				CLANG_CXX_LANGUAGE_STANDARD = "gnu++0x";
				CLANG_CXX_LIBRARY = "libc++";
				CLANG_ENABLE_MODULES = YES;
				CLANG_ENABLE_OBJC_ARC = YES;
				CLANG_WARN_BOOL_CONVERSION = YES;
				CLANG_WARN_CONSTANT_CONVERSION = YES;
				CLANG_WARN_DIRECT_OBJC_ISA_USAGE = YES_ERROR;
				CLANG_WARN_EMPTY_BODY = YES;
				CLANG_WARN_ENUM_CONVERSION = YES;
				CLANG_WARN_INT_CONVERSION = YES;
				CLANG_WARN_OBJC_ROOT_CLASS = YES_ERROR;
				CLANG_WARN__DUPLICATE_METHOD_MATCH = YES;
				"CODE_SIGN_IDENTITY[sdk=iphoneos*]" = "iPhone Developer";
				COPY_PHASE_STRIP = YES;
				ENABLE_NS_ASSERTIONS = NO;
				GCC_C_LANGUAGE_STANDARD = gnu99;
				GCC_WARN_64_TO_32_BIT_CONVERSION = YES;
				GCC_WARN_ABOUT_RETURN_TYPE = YES_ERROR;
				GCC_WARN_UNDECLARED_SELECTOR = YES;
				GCC_WARN_UNINITIALIZED_AUTOS = YES_AGGRESSIVE;
				GCC_WARN_UNUSED_FUNCTION = YES;
				GCC_WARN_UNUSED_VARIABLE = YES;
				IPHONEOS_DEPLOYMENT_TARGET = 7.1;
				SDKROOT = iphoneos;
				TARGETED_DEVICE_FAMILY = "1,2";
				VALIDATE_PRODUCT = YES;
			};
			name = Release;
		};
		148A0AEB1957728C00B7BD6E /* Debug */ = {
			isa = XCBuildConfiguration;
			buildSettings = {
				ASSETCATALOG_COMPILER_APPICON_NAME = AppIcon;
				ASSETCATALOG_COMPILER_LAUNCHIMAGE_NAME = LaunchImage;
				GCC_PRECOMPILE_PREFIX_HEADER = YES;
				GCC_PREFIX_HEADER = "fb_login_week_2/fb_login_week_2-Prefix.pch";
				INFOPLIST_FILE = "fb_login_week_2/fb_login_week_2-Info.plist";
				IPHONEOS_DEPLOYMENT_TARGET = 6.0;
				PRODUCT_NAME = "$(TARGET_NAME)";
				TARGETED_DEVICE_FAMILY = 1;
				WRAPPER_EXTENSION = app;
			};
			name = Debug;
		};
		148A0AEC1957728C00B7BD6E /* Release */ = {
			isa = XCBuildConfiguration;
			buildSettings = {
				ASSETCATALOG_COMPILER_APPICON_NAME = AppIcon;
				ASSETCATALOG_COMPILER_LAUNCHIMAGE_NAME = LaunchImage;
				GCC_PRECOMPILE_PREFIX_HEADER = YES;
				GCC_PREFIX_HEADER = "fb_login_week_2/fb_login_week_2-Prefix.pch";
				INFOPLIST_FILE = "fb_login_week_2/fb_login_week_2-Info.plist";
				IPHONEOS_DEPLOYMENT_TARGET = 6.0;
				PRODUCT_NAME = "$(TARGET_NAME)";
				TARGETED_DEVICE_FAMILY = 1;
				WRAPPER_EXTENSION = app;
			};
			name = Release;
		};
		148A0AEE1957728C00B7BD6E /* Debug */ = {
			isa = XCBuildConfiguration;
			buildSettings = {
				BUNDLE_LOADER = "$(BUILT_PRODUCTS_DIR)/fb_login_week_2.app/fb_login_week_2";
				FRAMEWORK_SEARCH_PATHS = (
					"$(SDKROOT)/Developer/Library/Frameworks",
					"$(inherited)",
					"$(DEVELOPER_FRAMEWORKS_DIR)",
				);
				GCC_PRECOMPILE_PREFIX_HEADER = YES;
				GCC_PREFIX_HEADER = "fb_login_week_2/fb_login_week_2-Prefix.pch";
				GCC_PREPROCESSOR_DEFINITIONS = (
					"DEBUG=1",
					"$(inherited)",
				);
				INFOPLIST_FILE = "fb_login_week_2Tests/fb_login_week_2Tests-Info.plist";
				PRODUCT_NAME = "$(TARGET_NAME)";
				TEST_HOST = "$(BUNDLE_LOADER)";
				WRAPPER_EXTENSION = xctest;
			};
			name = Debug;
		};
		148A0AEF1957728C00B7BD6E /* Release */ = {
			isa = XCBuildConfiguration;
			buildSettings = {
				BUNDLE_LOADER = "$(BUILT_PRODUCTS_DIR)/fb_login_week_2.app/fb_login_week_2";
				FRAMEWORK_SEARCH_PATHS = (
					"$(SDKROOT)/Developer/Library/Frameworks",
					"$(inherited)",
					"$(DEVELOPER_FRAMEWORKS_DIR)",
				);
				GCC_PRECOMPILE_PREFIX_HEADER = YES;
				GCC_PREFIX_HEADER = "fb_login_week_2/fb_login_week_2-Prefix.pch";
				INFOPLIST_FILE = "fb_login_week_2Tests/fb_login_week_2Tests-Info.plist";
				PRODUCT_NAME = "$(TARGET_NAME)";
				TEST_HOST = "$(BUNDLE_LOADER)";
				WRAPPER_EXTENSION = xctest;
			};
			name = Release;
		};
/* End XCBuildConfiguration section */

/* Begin XCConfigurationList section */
		148A0AB91957728B00B7BD6E /* Build configuration list for PBXProject "fb_login_week_2" */ = {
			isa = XCConfigurationList;
			buildConfigurations = (
				148A0AE81957728C00B7BD6E /* Debug */,
				148A0AE91957728C00B7BD6E /* Release */,
			);
			defaultConfigurationIsVisible = 0;
			defaultConfigurationName = Release;
		};
		148A0AEA1957728C00B7BD6E /* Build configuration list for PBXNativeTarget "fb_login_week_2" */ = {
			isa = XCConfigurationList;
			buildConfigurations = (
				148A0AEB1957728C00B7BD6E /* Debug */,
				148A0AEC1957728C00B7BD6E /* Release */,
			);
			defaultConfigurationIsVisible = 0;
		};
		148A0AED1957728C00B7BD6E /* Build configuration list for PBXNativeTarget "fb_login_week_2Tests" */ = {
			isa = XCConfigurationList;
			buildConfigurations = (
				148A0AEE1957728C00B7BD6E /* Debug */,
				148A0AEF1957728C00B7BD6E /* Release */,
			);
			defaultConfigurationIsVisible = 0;
		};
/* End XCConfigurationList section */
	};
	rootObject = 148A0AB61957728B00B7BD6E /* Project object */;
}
